
Microsoft Visual Studio Solution File, Format Version 12.00
# Visual Studio Version 17
VisualStudioVersion = 17.11.35312.102
MinimumVisualStudioVersion = 10.0.40219.1
Project("{FAE04EC0-301F-11D3-BF4B-00C04F79EFBC}") = "Serialization_4", "Serialization_4\Serialization_4.csproj", "{FE5CEAF0-AA18-4453-8F37-9DCEC205CA45}"
EndProject
Global
	GlobalSection(SolutionConfigurationPlatforms) = preSolution
		Debug|Any CPU = Debug|Any CPU
		Release|Any CPU = Release|Any CPU
	EndGlobalSection
	GlobalSection(ProjectConfigurationPlatforms) = postSolution
		{FE5CEAF0-AA18-4453-8F37-9DCEC205CA45}.Debug|Any CPU.ActiveCfg = Debug|Any CPU
		{FE5CEAF0-AA18-4453-8F37-9DCEC205CA45}.Debug|Any CPU.Build.0 = Debug|Any CPU
		{FE5CEAF0-AA18-4453-8F37-9DCEC205CA45}.Release|Any CPU.ActiveCfg = Release|Any CPU
		{FE5CEAF0-AA18-4453-8F37-9DCEC205CA45}.Release|Any CPU.Build.0 = Release|Any CPU
	EndGlobalSection
	GlobalSection(SolutionProperties) = preSolution
		HideSolutionNode = FALSE
	EndGlobalSection
	GlobalSection(ExtensibilityGlobals) = postSolution
		SolutionGuid = {391E9C3A-4707-4AC2-99AE-499D695EE132}
	EndGlobalSection
EndGlobal
