
Microsoft Visual Studio Solution File, Format Version 12.00
# Visual Studio Version 17
VisualStudioVersion = 17.7.34221.43
MinimumVisualStudioVersion = 10.0.40219.1
Project("{9A19103F-16F7-4668-BE54-9A1E7A4F7556}") = "Task1-Mod5", "Task1-Mod5\Task1-Mod5.csproj", "{0015219C-7684-49FD-AB79-24695082C4F1}"
EndProject
Project("{FAE04EC0-301F-11D3-BF4B-00C04F79EFBC}") = "М4_Юнит 4.2", "М4_Юнит 4.2\М4_Юнит 4.2.csproj", "{6BC5E3EB-F690-45E5-BAC7-7F326D659B41}"
EndProject
Global
	GlobalSection(SolutionConfigurationPlatforms) = preSolution
		Debug|Any CPU = Debug|Any CPU
		Release|Any CPU = Release|Any CPU
	EndGlobalSection
	GlobalSection(ProjectConfigurationPlatforms) = postSolution
		{0015219C-7684-49FD-AB79-24695082C4F1}.Debug|Any CPU.ActiveCfg = Debug|Any CPU
		{0015219C-7684-49FD-AB79-24695082C4F1}.Debug|Any CPU.Build.0 = Debug|Any CPU
		{0015219C-7684-49FD-AB79-24695082C4F1}.Release|Any CPU.ActiveCfg = Release|Any CPU
		{0015219C-7684-49FD-AB79-24695082C4F1}.Release|Any CPU.Build.0 = Release|Any CPU
		{6BC5E3EB-F690-45E5-BAC7-7F326D659B41}.Debug|Any CPU.ActiveCfg = Debug|Any CPU
		{6BC5E3EB-F690-45E5-BAC7-7F326D659B41}.Debug|Any CPU.Build.0 = Debug|Any CPU
		{6BC5E3EB-F690-45E5-BAC7-7F326D659B41}.Release|Any CPU.ActiveCfg = Release|Any CPU
		{6BC5E3EB-F690-45E5-BAC7-7F326D659B41}.Release|Any CPU.Build.0 = Release|Any CPU
	EndGlobalSection
	GlobalSection(SolutionProperties) = preSolution
		HideSolutionNode = FALSE
	EndGlobalSection
	GlobalSection(ExtensibilityGlobals) = postSolution
		SolutionGuid = {D59DBF42-3767-414E-ACC3-72E8819A3623}
	EndGlobalSection
EndGlobal
