
Microsoft Visual Studio Solution File, Format Version 12.00
# Visual Studio Version 17
VisualStudioVersion = 17.11.35312.102
MinimumVisualStudioVersion = 10.0.40219.1
Project("{9A19103F-16F7-4668-BE54-9A1E7A4F7556}") = "Mod10", "Mod10.csproj", "{C6306076-BA58-4595-901D-824A9C228653}"
EndProject
Project("{9A19103F-16F7-4668-BE54-9A1E7A4F7556}") = "Mod10-Tasks1", "..\Mod10-Tasks1\Mod10-Tasks1.csproj", "{C6F45F82-407C-44F2-BEDA-ADA19F49F5EE}"
EndProject
Project("{FAE04EC0-301F-11D3-BF4B-00C04F79EFBC}") = "Calculator", "..\Calculator\Calculator.csproj", "{FCEAB0FD-7207-48DD-879A-4B4C5B264AA7}"
EndProject
Global
	GlobalSection(SolutionConfigurationPlatforms) = preSolution
		Debug|Any CPU = Debug|Any CPU
		Release|Any CPU = Release|Any CPU
	EndGlobalSection
	GlobalSection(ProjectConfigurationPlatforms) = postSolution
		{C6306076-BA58-4595-901D-824A9C228653}.Debug|Any CPU.ActiveCfg = Debug|Any CPU
		{C6306076-BA58-4595-901D-824A9C228653}.Debug|Any CPU.Build.0 = Debug|Any CPU
		{C6306076-BA58-4595-901D-824A9C228653}.Release|Any CPU.ActiveCfg = Release|Any CPU
		{C6306076-BA58-4595-901D-824A9C228653}.Release|Any CPU.Build.0 = Release|Any CPU
		{C6F45F82-407C-44F2-BEDA-ADA19F49F5EE}.Debug|Any CPU.ActiveCfg = Debug|Any CPU
		{C6F45F82-407C-44F2-BEDA-ADA19F49F5EE}.Debug|Any CPU.Build.0 = Debug|Any CPU
		{C6F45F82-407C-44F2-BEDA-ADA19F49F5EE}.Release|Any CPU.ActiveCfg = Release|Any CPU
		{C6F45F82-407C-44F2-BEDA-ADA19F49F5EE}.Release|Any CPU.Build.0 = Release|Any CPU
		{FCEAB0FD-7207-48DD-879A-4B4C5B264AA7}.Debug|Any CPU.ActiveCfg = Debug|Any CPU
		{FCEAB0FD-7207-48DD-879A-4B4C5B264AA7}.Debug|Any CPU.Build.0 = Debug|Any CPU
		{FCEAB0FD-7207-48DD-879A-4B4C5B264AA7}.Release|Any CPU.ActiveCfg = Release|Any CPU
		{FCEAB0FD-7207-48DD-879A-4B4C5B264AA7}.Release|Any CPU.Build.0 = Release|Any CPU
	EndGlobalSection
	GlobalSection(SolutionProperties) = preSolution
		HideSolutionNode = FALSE
	EndGlobalSection
	GlobalSection(ExtensibilityGlobals) = postSolution
		SolutionGuid = {1FF2B216-8BA8-4683-92A2-A27694972614}
	EndGlobalSection
EndGlobal
